// !$*UTF8*$!
{
	archiveVersion = 1;
	classes = {
	};
	objectVersion = 50;
	objects = {

/* Begin PBXBuildFile section */
		7E316FBD273180F700708EE1 /* E_matrixApp.swift in Sources */ = {isa = PBXBuildFile; fileRef = 7E316FBC273180F700708EE1 /* E_matrixApp.swift */; };
		7E316FBF273180F700708EE1 /* ContentView.swift in Sources */ = {isa = PBXBuildFile; fileRef = 7E316FBE273180F700708EE1 /* ContentView.swift */; };
		7E316FC1273180F900708EE1 /* Assets.xcassets in Resources */ = {isa = PBXBuildFile; fileRef = 7E316FC0273180F900708EE1 /* Assets.xcassets */; };
		7E316FC4273180F900708EE1 /* Preview Assets.xcassets in Resources */ = {isa = PBXBuildFile; fileRef = 7E316FC3273180F900708EE1 /* Preview Assets.xcassets */; };
		7E316FC6273180F900708EE1 /* Persistence.swift in Sources */ = {isa = PBXBuildFile; fileRef = 7E316FC5273180F900708EE1 /* Persistence.swift */; };
		7E316FC9273180F900708EE1 /* E_matrix.xcdatamodeld in Sources */ = {isa = PBXBuildFile; fileRef = 7E316FC7273180F900708EE1 /* E_matrix.xcdatamodeld */; };
/* End PBXBuildFile section */

/* Begin PBXFileReference section */
		7E316FB9273180F700708EE1 /* E-matrix.app */ = {isa = PBXFileReference; explicitFileType = wrapper.application; includeInIndex = 0; path = "E-matrix.app"; sourceTree = BUILT_PRODUCTS_DIR; };
		7E316FBC273180F700708EE1 /* E_matrixApp.swift */ = {isa = PBXFileReference; lastKnownFileType = sourcecode.swift; path = E_matrixApp.swift; sourceTree = "<group>"; };
		7E316FBE273180F700708EE1 /* ContentView.swift */ = {isa = PBXFileReference; lastKnownFileType = sourcecode.swift; path = ContentView.swift; sourceTree = "<group>"; };
		7E316FC0273180F900708EE1 /* Assets.xcassets */ = {isa = PBXFileReference; lastKnownFileType = folder.assetcatalog; path = Assets.xcassets; sourceTree = "<group>"; };
		7E316FC3273180F900708EE1 /* Preview Assets.xcassets */ = {isa = PBXFileReference; lastKnownFileType = folder.assetcatalog; path = "Preview Assets.xcassets"; sourceTree = "<group>"; };
		7E316FC5273180F900708EE1 /* Persistence.swift */ = {isa = PBXFileReference; lastKnownFileType = sourcecode.swift; path = Persistence.swift; sourceTree = "<group>"; };
		7E316FC8273180F900708EE1 /* E_matrix.xcdatamodel */ = {isa = PBXFileReference; lastKnownFileType = wrapper.xcdatamodel; path = E_matrix.xcdatamodel; sourceTree = "<group>"; };
		7E316FCA273180F900708EE1 /* Info.plist */ = {isa = PBXFileReference; lastKnownFileType = text.plist.xml; path = Info.plist; sourceTree = "<group>"; };
/* End PBXFileReference section */

/* Begin PBXFrameworksBuildPhase section */
		7E316FB6273180F700708EE1 /* Frameworks */ = {
			isa = PBXFrameworksBuildPhase;
			buildActionMask = 2147483647;
			files = (
			);
			runOnlyForDeploymentPostprocessing = 0;
		};
/* End PBXFrameworksBuildPhase section */

/* Begin PBXGroup section */
		7E316FB0273180F700708EE1 = {
			isa = PBXGroup;
			children = (
				7E316FBB273180F700708EE1 /* E-matrix */,
				7E316FBA273180F700708EE1 /* Products */,
			);
			sourceTree = "<group>";
		};
		7E316FBA273180F700708EE1 /* Products */ = {
			isa = PBXGroup;
			children = (
				7E316FB9273180F700708EE1 /* E-matrix.app */,
			);
			name = Products;
			sourceTree = "<group>";
		};
		7E316FBB273180F700708EE1 /* E-matrix */ = {
			isa = PBXGroup;
			children = (
				7E316FBC273180F700708EE1 /* E_matrixApp.swift */,
				7E316FBE273180F700708EE1 /* ContentView.swift */,
				7E316FC0273180F900708EE1 /* Assets.xcassets */,
				7E316FC5273180F900708EE1 /* Persistence.swift */,
				7E316FCA273180F900708EE1 /* Info.plist */,
				7E316FC7273180F900708EE1 /* E_matrix.xcdatamodeld */,
				7E316FC2273180F900708EE1 /* Preview Content */,
			);
			path = "E-matrix";
			sourceTree = "<group>";
		};
		7E316FC2273180F900708EE1 /* Preview Content */ = {
			isa = PBXGroup;
			children = (
				7E316FC3273180F900708EE1 /* Preview Assets.xcassets */,
			);
			path = "Preview Content";
			sourceTree = "<group>";
		};
/* End PBXGroup section */

/* Begin PBXNativeTarget section */
		7E316FB8273180F700708EE1 /* E-matrix */ = {
			isa = PBXNativeTarget;
			buildConfigurationList = 7E316FCD273180F900708EE1 /* Build configuration list for PBXNativeTarget "E-matrix" */;
			buildPhases = (
				7E316FB5273180F700708EE1 /* Sources */,
				7E316FB6273180F700708EE1 /* Frameworks */,
				7E316FB7273180F700708EE1 /* Resources */,
			);
			buildRules = (
			);
			dependencies = (
			);
			name = "E-matrix";
			productName = "E-matrix";
			productReference = 7E316FB9273180F700708EE1 /* E-matrix.app */;
			productType = "com.apple.product-type.application";
		};
/* End PBXNativeTarget section */

/* Begin PBXProject section */
		7E316FB1273180F700708EE1 /* Project object */ = {
			isa = PBXProject;
			attributes = {
				LastSwiftUpdateCheck = 1250;
				LastUpgradeCheck = 1250;
				TargetAttributes = {
					7E316FB8273180F700708EE1 = {
						CreatedOnToolsVersion = 12.5.1;
					};
				};
			};
			buildConfigurationList = 7E316FB4273180F700708EE1 /* Build configuration list for PBXProject "E-matrix" */;
			compatibilityVersion = "Xcode 9.3";
			developmentRegion = en;
			hasScannedForEncodings = 0;
			knownRegions = (
				en,
				Base,
			);
			mainGroup = 7E316FB0273180F700708EE1;
			productRefGroup = 7E316FBA273180F700708EE1 /* Products */;
			projectDirPath = "";
			projectRoot = "";
			targets = (
				7E316FB8273180F700708EE1 /* E-matrix */,
			);
		};
/* End PBXProject section */

/* Begin PBXResourcesBuildPhase section */
		7E316FB7273180F700708EE1 /* Resources */ = {
			isa = PBXResourcesBuildPhase;
			buildActionMask = 2147483647;
			files = (
				7E316FC4273180F900708EE1 /* Preview Assets.xcassets in Resources */,
				7E316FC1273180F900708EE1 /* Assets.xcassets in Resources */,
			);
			runOnlyForDeploymentPostprocessing = 0;
		};
/* End PBXResourcesBuildPhase section */

/* Begin PBXSourcesBuildPhase section */
		7E316FB5273180F700708EE1 /* Sources */ = {
			isa = PBXSourcesBuildPhase;
			buildActionMask = 2147483647;
			files = (
				7E316FC6273180F900708EE1 /* Persistence.swift in Sources */,
				7E316FBF273180F700708EE1 /* ContentView.swift in Sources */,
				7E316FC9273180F900708EE1 /* E_matrix.xcdatamodeld in Sources */,
				7E316FBD273180F700708EE1 /* E_matrixApp.swift in Sources */,
			);
			runOnlyForDeploymentPostprocessing = 0;
		};
/* End PBXSourcesBuildPhase section */

/* Begin XCBuildConfiguration section */
		7E316FCB273180F900708EE1 /* Debug */ = {
			isa = XCBuildConfiguration;
			buildSettings = {
				ALWAYS_SEARCH_USER_PATHS = NO;
				CLANG_ANALYZER_NONNULL = YES;
				CLANG_ANALYZER_NUMBER_OBJECT_CONVERSION = YES_AGGRESSIVE;
				CLANG_CXX_LANGUAGE_STANDARD = "gnu++14";
				CLANG_CXX_LIBRARY = "libc++";
				CLANG_ENABLE_MODULES = YES;
				CLANG_ENABLE_OBJC_ARC = YES;
				CLANG_ENABLE_OBJC_WEAK = YES;
				CLANG_WARN_BLOCK_CAPTURE_AUTORELEASING = YES;
				CLANG_WARN_BOOL_CONVERSION = YES;
				CLANG_WARN_COMMA = YES;
				CLANG_WARN_CONSTANT_CONVERSION = YES;
				CLANG_WARN_DEPRECATED_OBJC_IMPLEMENTATIONS = YES;
				CLANG_WARN_DIRECT_OBJC_ISA_USAGE = YES_ERROR;
				CLANG_WARN_DOCUMENTATION_COMMENTS = YES;
				CLANG_WARN_EMPTY_BODY = YES;
				CLANG_WARN_ENUM_CONVERSION = YES;
				CLANG_WARN_INFINITE_RECURSION = YES;
				CLANG_WARN_INT_CONVERSION = YES;
				CLANG_WARN_NON_LITERAL_NULL_CONVERSION = YES;
				CLANG_WARN_OBJC_IMPLICIT_RETAIN_SELF = YES;
				CLANG_WARN_OBJC_LITERAL_CONVERSION = YES;
				CLANG_WARN_OBJC_ROOT_CLASS = YES_ERROR;
				CLANG_WARN_QUOTED_INCLUDE_IN_FRAMEWORK_HEADER = YES;
				CLANG_WARN_RANGE_LOOP_ANALYSIS = YES;
				CLANG_WARN_STRICT_PROTOTYPES = YES;
				CLANG_WARN_SUSPICIOUS_MOVE = YES;
				CLANG_WARN_UNGUARDED_AVAILABILITY = YES_AGGRESSIVE;
				CLANG_WARN_UNREACHABLE_CODE = YES;
				CLANG_WARN__DUPLICATE_METHOD_MATCH = YES;
				COPY_PHASE_STRIP = NO;
				DEBUG_INFORMATION_FORMAT = dwarf;
				ENABLE_STRICT_OBJC_MSGSEND = YES;
				ENABLE_TESTABILITY = YES;
				GCC_C_LANGUAGE_STANDARD = gnu11;
				GCC_DYNAMIC_NO_PIC = NO;
				GCC_NO_COMMON_BLOCKS = YES;
				GCC_OPTIMIZATION_LEVEL = 0;
				GCC_PREPROCESSOR_DEFINITIONS = (
					"DEBUG=1",
					"$(inherited)",
				);
				GCC_WARN_64_TO_32_BIT_CONVERSION = YES;
				GCC_WARN_ABOUT_RETURN_TYPE = YES_ERROR;
				GCC_WARN_UNDECLARED_SELECTOR = YES;
				GCC_WARN_UNINITIALIZED_AUTOS = YES_AGGRESSIVE;
				GCC_WARN_UNUSED_FUNCTION = YES;
				GCC_WARN_UNUSED_VARIABLE = YES;
				IPHONEOS_DEPLOYMENT_TARGET = 14.5;
				MTL_ENABLE_DEBUG_INFO = INCLUDE_SOURCE;
				MTL_FAST_MATH = YES;
				ONLY_ACTIVE_ARCH = YES;
				SDKROOT = iphoneos;
				SWIFT_ACTIVE_COMPILATION_CONDITIONS = DEBUG;
				SWIFT_OPTIMIZATION_LEVEL = "-Onone";
			};
			name = Debug;
		};
		7E316FCC273180F900708EE1 /* Release */ = {
			isa = XCBuildConfiguration;
			buildSettings = {
				ALWAYS_SEARCH_USER_PATHS = NO;
				CLANG_ANALYZER_NONNULL = YES;
				CLANG_ANALYZER_NUMBER_OBJECT_CONVERSION = YES_AGGRESSIVE;
				CLANG_CXX_LANGUAGE_STANDARD = "gnu++14";
				CLANG_CXX_LIBRARY = "libc++";
				CLANG_ENABLE_MODULES = YES;
				CLANG_ENABLE_OBJC_ARC = YES;
				CLANG_ENABLE_OBJC_WEAK = YES;
				CLANG_WARN_BLOCK_CAPTURE_AUTORELEASING = YES;
				CLANG_WARN_BOOL_CONVERSION = YES;
				CLANG_WARN_COMMA = YES;
				CLANG_WARN_CONSTANT_CONVERSION = YES;
				CLANG_WARN_DEPRECATED_OBJC_IMPLEMENTATIONS = YES;
				CLANG_WARN_DIRECT_OBJC_ISA_USAGE = YES_ERROR;
				CLANG_WARN_DOCUMENTATION_COMMENTS = YES;
				CLANG_WARN_EMPTY_BODY = YES;
				CLANG_WARN_ENUM_CONVERSION = YES;
				CLANG_WARN_INFINITE_RECURSION = YES;
				CLANG_WARN_INT_CONVERSION = YES;
				CLANG_WARN_NON_LITERAL_NULL_CONVERSION = YES;
				CLANG_WARN_OBJC_IMPLICIT_RETAIN_SELF = YES;
				CLANG_WARN_OBJC_LITERAL_CONVERSION = YES;
				CLANG_WARN_OBJC_ROOT_CLASS = YES_ERROR;
				CLANG_WARN_QUOTED_INCLUDE_IN_FRAMEWORK_HEADER = YES;
				CLANG_WARN_RANGE_LOOP_ANALYSIS = YES;
				CLANG_WARN_STRICT_PROTOTYPES = YES;
				CLANG_WARN_SUSPICIOUS_MOVE = YES;
				CLANG_WARN_UNGUARDED_AVAILABILITY = YES_AGGRESSIVE;
				CLANG_WARN_UNREACHABLE_CODE = YES;
				CLANG_WARN__DUPLICATE_METHOD_MATCH = YES;
				COPY_PHASE_STRIP = NO;
				DEBUG_INFORMATION_FORMAT = "dwarf-with-dsym";
				ENABLE_NS_ASSERTIONS = NO;
				ENABLE_STRICT_OBJC_MSGSEND = YES;
				GCC_C_LANGUAGE_STANDARD = gnu11;
				GCC_NO_COMMON_BLOCKS = YES;
				GCC_WARN_64_TO_32_BIT_CONVERSION = YES;
				GCC_WARN_ABOUT_RETURN_TYPE = YES_ERROR;
				GCC_WARN_UNDECLARED_SELECTOR = YES;
				GCC_WARN_UNINITIALIZED_AUTOS = YES_AGGRESSIVE;
				GCC_WARN_UNUSED_FUNCTION = YES;
				GCC_WARN_UNUSED_VARIABLE = YES;
				IPHONEOS_DEPLOYMENT_TARGET = 14.5;
				MTL_ENABLE_DEBUG_INFO = NO;
				MTL_FAST_MATH = YES;
				SDKROOT = iphoneos;
				SWIFT_COMPILATION_MODE = wholemodule;
				SWIFT_OPTIMIZATION_LEVEL = "-O";
				VALIDATE_PRODUCT = YES;
			};
			name = Release;
		};
		7E316FCE273180F900708EE1 /* Debug */ = {
			isa = XCBuildConfiguration;
			buildSettings = {
				ASSETCATALOG_COMPILER_APPICON_NAME = AppIcon;
				ASSETCATALOG_COMPILER_GLOBAL_ACCENT_COLOR_NAME = AccentColor;
				CODE_SIGN_STYLE = Automatic;
				DEVELOPMENT_ASSET_PATHS = "\"E-matrix/Preview Content\"";
				ENABLE_PREVIEWS = YES;
				INFOPLIST_FILE = "E-matrix/Info.plist";
				IPHONEOS_DEPLOYMENT_TARGET = 14.0;
				LD_RUNPATH_SEARCH_PATHS = (
					"$(inherited)",
					"@executable_path/Frameworks",
				);
				PRODUCT_BUNDLE_IDENTIFIER = "shrikant.E-matrix";
				PRODUCT_NAME = "$(TARGET_NAME)";
				SWIFT_VERSION = 5.0;
				TARGETED_DEVICE_FAMILY = "1,2";
			};
			name = Debug;
		};
		7E316FCF273180F900708EE1 /* Release */ = {
			isa = XCBuildConfiguration;
			buildSettings = {
				ASSETCATALOG_COMPILER_APPICON_NAME = AppIcon;
				ASSETCATALOG_COMPILER_GLOBAL_ACCENT_COLOR_NAME = AccentColor;
				CODE_SIGN_STYLE = Automatic;
				DEVELOPMENT_ASSET_PATHS = "\"E-matrix/Preview Content\"";
				ENABLE_PREVIEWS = YES;
				INFOPLIST_FILE = "E-matrix/Info.plist";
				IPHONEOS_DEPLOYMENT_TARGET = 14.0;
				LD_RUNPATH_SEARCH_PATHS = (
					"$(inherited)",
					"@executable_path/Frameworks",
				);
				PRODUCT_BUNDLE_IDENTIFIER = "shrikant.E-matrix";
				PRODUCT_NAME = "$(TARGET_NAME)";
				SWIFT_VERSION = 5.0;
				TARGETED_DEVICE_FAMILY = "1,2";
			};
			name = Release;
		};
/* End XCBuildConfiguration section */

/* Begin XCConfigurationList section */
		7E316FB4273180F700708EE1 /* Build configuration list for PBXProject "E-matrix" */ = {
			isa = XCConfigurationList;
			buildConfigurations = (
				7E316FCB273180F900708EE1 /* Debug */,
				7E316FCC273180F900708EE1 /* Release */,
			);
			defaultConfigurationIsVisible = 0;
			defaultConfigurationName = Release;
		};
		7E316FCD273180F900708EE1 /* Build configuration list for PBXNativeTarget "E-matrix" */ = {
			isa = XCConfigurationList;
			buildConfigurations = (
				7E316FCE273180F900708EE1 /* Debug */,
				7E316FCF273180F900708EE1 /* Release */,
			);
			defaultConfigurationIsVisible = 0;
			defaultConfigurationName = Release;
		};
/* End XCConfigurationList section */

/* Begin XCVersionGroup section */
		7E316FC7273180F900708EE1 /* E_matrix.xcdatamodeld */ = {
			isa = XCVersionGroup;
			children = (
				7E316FC8273180F900708EE1 /* E_matrix.xcdatamodel */,
			);
			currentVersion = 7E316FC8273180F900708EE1 /* E_matrix.xcdatamodel */;
			path = E_matrix.xcdatamodeld;
			sourceTree = "<group>";
			versionGroupType = wrapper.xcdatamodel;
		};
/* End XCVersionGroup section */
	};
	rootObject = 7E316FB1273180F700708EE1 /* Project object */;
}
